<Solution>
  <Configurations>
    <BuildType Name="Release" />
  </Configurations>
  <Project Path="CleaningPriority/CleaningPriority.csproj" />
  <Folder Name="/.github/">
    <File Path="../.github/copilot-instructions.md" />
  </Folder>
  <Folder Name="/XML/1.6/Patches/">
    <File Path="../1.6/Patches/WorkGiverPatch.xml" />
  </Folder>
  <Folder Name="/XML/Languages/English/Keyed/">
    <File Path="../Languages/English/Keyed/CleaningPriority.xml" />
  </Folder>
  <Folder Name="/XML/Defs/">
    <File Path="../Defs/Jobs_Work.xml" />
  </Folder>
  <Folder Name="/XML/About/">
    <File Path="../About/about.xml" />
  </Folder>
</Solution>