
Microsoft Visual Studio Solution File, Format Version 12.00
# Visual Studio 15
VisualStudioVersion = 15.0.27703.2026
MinimumVisualStudioVersion = 10.0.40219.1
Project("{FAE04EC0-301F-11D3-BF4B-00C04F79EFBC}") = "CleaningPriority", "CleaningPriority\CleaningPriority.csproj", "{FDFC9B82-72D5-47BE-AA46-525A65609962}"
EndProject
Global
	GlobalSection(SolutionConfigurationPlatforms) = preSolution
		Debug|Any CPU = Debug|Any CPU
		Release|Any CPU = Release|Any CPU
	EndGlobalSection
	GlobalSection(ProjectConfigurationPlatforms) = postSolution
		{FDFC9B82-72D5-47BE-AA46-525A65609962}.Debug|Any CPU.ActiveCfg = Debug|Any CPU
		{FDFC9B82-72D5-47BE-AA46-525A65609962}.Debug|Any CPU.Build.0 = Debug|Any CPU
		{FDFC9B82-72D5-47BE-AA46-525A65609962}.Release|Any CPU.ActiveCfg = Release|Any CPU
		{FDFC9B82-72D5-47BE-AA46-525A65609962}.Release|Any CPU.Build.0 = Release|Any CPU
	EndGlobalSection
	GlobalSection(SolutionProperties) = preSolution
		HideSolutionNode = FALSE
	EndGlobalSection
	GlobalSection(ExtensibilityGlobals) = postSolution
		SolutionGuid = {0E0882C1-A955-415C-B463-16B3B4E94F96}
	EndGlobalSection
EndGlobal
